
Microsoft Visual Studio Solution File, Format Version 12.00
# Visual Studio 2013
VisualStudioVersion = 12.0.21005.1
MinimumVisualStudioVersion = 10.0.40219.1
Project("{FAE04EC0-301F-11D3-BF4B-00C04F79EFBC}") = "Credit_Project", "Credit_Project\Credit_Project.csproj", "{1D57403A-7CC6-4655-84DE-6CC5B5A27837}"
EndProject
Global
	GlobalSection(SolutionConfigurationPlatforms) = preSolution
		Debug|Any CPU = Debug|Any CPU
		Release|Any CPU = Release|Any CPU
	EndGlobalSection
	GlobalSection(ProjectConfigurationPlatforms) = postSolution
		{1D57403A-7CC6-4655-84DE-6CC5B5A27837}.Debug|Any CPU.ActiveCfg = Debug|Any CPU
		{1D57403A-7CC6-4655-84DE-6CC5B5A27837}.Debug|Any CPU.Build.0 = Debug|Any CPU
		{1D57403A-7CC6-4655-84DE-6CC5B5A27837}.Release|Any CPU.ActiveCfg = Release|Any CPU
		{1D57403A-7CC6-4655-84DE-6CC5B5A27837}.Release|Any CPU.Build.0 = Release|Any CPU
	EndGlobalSection
	GlobalSection(SolutionProperties) = preSolution
		HideSolutionNode = FALSE
	EndGlobalSection
EndGlobal
